
Microsoft Visual Studio Solution File, Format Version 12.00
# Visual Studio Version 17
VisualStudioVersion = 17.6.33829.357
MinimumVisualStudioVersion = 10.0.40219.1
Project("{FAE04EC0-301F-11D3-BF4B-00C04F79EFBC}") = "MvcCrudDepartamentosEF", "MvcCrudDepartamentosEF\MvcCrudDepartamentosEF.csproj", "{4911189E-E836-4960-990C-CE8FFC48D1FD}"
EndProject
Global
	GlobalSection(SolutionConfigurationPlatforms) = preSolution
		Debug|Any CPU = Debug|Any CPU
		Release|Any CPU = Release|Any CPU
	EndGlobalSection
	GlobalSection(ProjectConfigurationPlatforms) = postSolution
		{4911189E-E836-4960-990C-CE8FFC48D1FD}.Debug|Any CPU.ActiveCfg = Debug|Any CPU
		{4911189E-E836-4960-990C-CE8FFC48D1FD}.Debug|Any CPU.Build.0 = Debug|Any CPU
		{4911189E-E836-4960-990C-CE8FFC48D1FD}.Release|Any CPU.ActiveCfg = Release|Any CPU
		{4911189E-E836-4960-990C-CE8FFC48D1FD}.Release|Any CPU.Build.0 = Release|Any CPU
	EndGlobalSection
	GlobalSection(SolutionProperties) = preSolution
		HideSolutionNode = FALSE
	EndGlobalSection
	GlobalSection(ExtensibilityGlobals) = postSolution
		SolutionGuid = {A846A920-C51E-4128-8859-3E14D64EC3AC}
	EndGlobalSection
EndGlobal
